schema: '2.0'
stages:
  prepare:
    cmd: echo "Verificando que los datos existen..."
    deps:
    - path: data/iris_dataset.csv
      hash: md5
      md5: ae244df326bd230685a3e47e0521ad56
      size: 2795
  train:
    cmd: python train.py --n_estimators 300
    deps:
    - path: data/iris_dataset.csv
      hash: md5
      md5: ae244df326bd230685a3e47e0521ad56
      size: 2795
    - path: requirements.txt
      hash: md5
      md5: 1cdf4e77a9e7475bf1c36659e3bd857f
      size: 110
    - path: train.py
      hash: md5
      md5: 80838001a45b9c936a8a3001b14f49bf
      size: 3147
    params:
      params.yaml:
        train.n_estimators: 300
    outs:
    - path: confusion_matrix.png
      hash: md5
      md5: 32ea629e406b741c91c8bfe0b19800bf
      size: 22209
    - path: mlflow_metrics.json
      hash: md5
      md5: c23a4b845cfcb729bc77225aaa6b5134
      size: 32
    - path: model.pkl
      hash: md5
      md5: 76f46b7e5d3a9ec4694c620a141d32f3
      size: 530177
